
Microsoft Visual Studio Solution File, Format Version 12.00
# Visual Studio Version 17
VisualStudioVersion = 17.14.37411.7 d17.14
MinimumVisualStudioVersion = 10.0.40219.1
Project("{FAE04EC0-301F-11D3-BF4B-00C04F79EFBC}") = "Clock", "Clock\Clock.csproj", "{4837739C-F25B-4067-8F52-310C9850D88C}"
EndProject
Global
	GlobalSection(SolutionConfigurationPlatforms) = preSolution
		Debug|Any CPU = Debug|Any CPU
		Release|Any CPU = Release|Any CPU
	EndGlobalSection
	GlobalSection(ProjectConfigurationPlatforms) = postSolution
		{4837739C-F25B-4067-8F52-310C9850D88C}.Debug|Any CPU.ActiveCfg = Debug|Any CPU
		{4837739C-F25B-4067-8F52-310C9850D88C}.Debug|Any CPU.Build.0 = Debug|Any CPU
		{4837739C-F25B-4067-8F52-310C9850D88C}.Release|Any CPU.ActiveCfg = Release|Any CPU
		{4837739C-F25B-4067-8F52-310C9850D88C}.Release|Any CPU.Build.0 = Release|Any CPU
	EndGlobalSection
	GlobalSection(SolutionProperties) = preSolution
		HideSolutionNode = FALSE
	EndGlobalSection
	GlobalSection(ExtensibilityGlobals) = postSolution
		SolutionGuid = {F2CDF17F-291D-41A5-AAD8-B5D86BB90BE5}
	EndGlobalSection
EndGlobal
